// !$*UTF8*$!
{
	archiveVersion = 1;
	classes = {
	};
	objectVersion = 50;
	objects = {

/* Begin PBXBuildFile section */
		5924905426CD20060018CFF9 /* Combine+Extensions.swift in Sources */ = {isa = PBXBuildFile; fileRef = 5924905326CD20060018CFF9 /* Combine+Extensions.swift */; };
		595FABF926CE72640023A1D9 /* EvolvStoreNewTests.swift in Sources */ = {isa = PBXBuildFile; fileRef = 595FABF826CE72640023A1D9 /* EvolvStoreNewTests.swift */; };
		595FABFB26CE73910023A1D9 /* EvolvAPI.swift in Sources */ = {isa = PBXBuildFile; fileRef = 595FABFA26CE73910023A1D9 /* EvolvAPI.swift */; };
		595FABFE26CE741C0023A1D9 /* EvolvAPIMock.swift in Sources */ = {isa = PBXBuildFile; fileRef = 595FABFD26CE741C0023A1D9 /* EvolvAPIMock.swift */; };
		8D5799902678E8A3009CFA98 /* EvolvConfigImpl.swift in Sources */ = {isa = PBXBuildFile; fileRef = 8D57998F2678E8A3009CFA98 /* EvolvConfigImpl.swift */; };
		8D5799942678F117009CFA98 /* EvolvResult.swift in Sources */ = {isa = PBXBuildFile; fileRef = 8D5799932678F117009CFA98 /* EvolvResult.swift */; };
		8D5799982678F5DC009CFA98 /* EvolvContextImpl.swift in Sources */ = {isa = PBXBuildFile; fileRef = 8D5799972678F5DC009CFA98 /* EvolvContextImpl.swift */; };
		8D57999A2679F75F009CFA98 /* EvolvConfig.swift in Sources */ = {isa = PBXBuildFile; fileRef = 8D5799992679F75F009CFA98 /* EvolvConfig.swift */; };
		8D57999C2679FB42009CFA98 /* EvolvJSON.swift in Sources */ = {isa = PBXBuildFile; fileRef = 8D57999B2679FB42009CFA98 /* EvolvJSON.swift */; };
		8D57999E267A29C5009CFA98 /* GenomeObject.swift in Sources */ = {isa = PBXBuildFile; fileRef = 8D57999D267A29C4009CFA98 /* GenomeObject.swift */; };
		8D5799A0267A34D4009CFA98 /* GenomeObjectTest.swift in Sources */ = {isa = PBXBuildFile; fileRef = 8D57999F267A34D4009CFA98 /* GenomeObjectTest.swift */; };
		8D5799A4267A46D3009CFA98 /* EvolvExperiment.swift in Sources */ = {isa = PBXBuildFile; fileRef = 8D5799A3267A46D3009CFA98 /* EvolvExperiment.swift */; };
		8D5799A6267A470F009CFA98 /* EvolvPredicate.swift in Sources */ = {isa = PBXBuildFile; fileRef = 8D5799A5267A470F009CFA98 /* EvolvPredicate.swift */; };
		8D6D558D268371C700760BEB /* genome.json in Resources */ = {isa = PBXBuildFile; fileRef = 8D6D558C268371C700760BEB /* genome.json */; };
		8D6D558F2683726C00760BEB /* rules.json in Resources */ = {isa = PBXBuildFile; fileRef = 8D6D558E2683726C00760BEB /* rules.json */; };
		8D6D5593268372D900760BEB /* predicate.json in Resources */ = {isa = PBXBuildFile; fileRef = 8D6D5592268372D900760BEB /* predicate.json */; };
		8D9A1BD62685AD6800B302E6 /* AudienceQueryDataTest.swift in Sources */ = {isa = PBXBuildFile; fileRef = 8D9A1BD52685AD6800B302E6 /* AudienceQueryDataTest.swift */; };
		8D9A1BE3268DAC8300B302E6 /* EvolvEmitter.swift in Sources */ = {isa = PBXBuildFile; fileRef = 8D9A1BE2268DAC8300B302E6 /* EvolvEmitter.swift */; };
		8D9A1BE5268DD5CD00B302E6 /* Context.swift in Sources */ = {isa = PBXBuildFile; fileRef = 8D9A1BE4268DD5CD00B302E6 /* Context.swift */; };
		8D9A1BE7268DD6D300B302E6 /* Genome.swift in Sources */ = {isa = PBXBuildFile; fileRef = 8D9A1BE6268DD6D300B302E6 /* Genome.swift */; };
		8D9A1BE9268DD6F800B302E6 /* Config.swift in Sources */ = {isa = PBXBuildFile; fileRef = 8D9A1BE8268DD6F800B302E6 /* Config.swift */; };
		8D9A1BEB268DD71400B302E6 /* Event.swift in Sources */ = {isa = PBXBuildFile; fileRef = 8D9A1BEA268DD71400B302E6 /* Event.swift */; };
		8D9A1BED268DD72A00B302E6 /* Store.swift in Sources */ = {isa = PBXBuildFile; fileRef = 8D9A1BEC268DD72A00B302E6 /* Store.swift */; };
		8D9A1BEF268DD77100B302E6 /* Request.swift in Sources */ = {isa = PBXBuildFile; fileRef = 8D9A1BEE268DD77100B302E6 /* Request.swift */; };
		8D9A1BF1268E1EBE00B302E6 /* WaitForIt.swift in Sources */ = {isa = PBXBuildFile; fileRef = 8D9A1BF0268E1EBE00B302E6 /* WaitForIt.swift */; };
		8D9A1BF3268E204C00B302E6 /* OrderedDictionary.swift in Sources */ = {isa = PBXBuildFile; fileRef = 8D9A1BF2268E204C00B302E6 /* OrderedDictionary.swift */; };
		8D9A1BF5268E3BCF00B302E6 /* AtomicProperty.swift in Sources */ = {isa = PBXBuildFile; fileRef = 8D9A1BF4268E3BCF00B302E6 /* AtomicProperty.swift */; };
		8D9A1BF826926C6A00B302E6 /* EvolvStoreTest.swift in Sources */ = {isa = PBXBuildFile; fileRef = 8D9A1BF726926C6A00B302E6 /* EvolvStoreTest.swift */; };
		8D9C6086266F7E230011EC8A /* EvolvSwiftSDK.framework in Frameworks */ = {isa = PBXBuildFile; fileRef = 8D9C607C266F7E230011EC8A /* EvolvSwiftSDK.framework */; };
		8D9C608D266F7E230011EC8A /* EvolvSwiftSDK.h in Headers */ = {isa = PBXBuildFile; fileRef = 8D9C607F266F7E230011EC8A /* EvolvSwiftSDK.h */; settings = {ATTRIBUTES = (Public, ); }; };
		8D9C60D8266F803D0011EC8A /* AllocationDataTest.swift in Sources */ = {isa = PBXBuildFile; fileRef = 8D9C60D7266F803D0011EC8A /* AllocationDataTest.swift */; };
		8D9C60DD266F80E50011EC8A /* allocations.json in Resources */ = {isa = PBXBuildFile; fileRef = 8D9C60DA266F80E50011EC8A /* allocations.json */; };
		8D9C60DE266F80E50011EC8A /* configuration.json in Resources */ = {isa = PBXBuildFile; fileRef = 8D9C60DB266F80E50011EC8A /* configuration.json */; };
		8D9C60DF266F80E50011EC8A /* ConfigurationDataTest.swift in Sources */ = {isa = PBXBuildFile; fileRef = 8D9C60DC266F80E50011EC8A /* ConfigurationDataTest.swift */; };
		8D9C60FD266F88630011EC8A /* EvolvContext.swift in Sources */ = {isa = PBXBuildFile; fileRef = 8D9C60E4266F88630011EC8A /* EvolvContext.swift */; };
		8D9C60FE266F88640011EC8A /* EvolvClient.swift in Sources */ = {isa = PBXBuildFile; fileRef = 8D9C60E5266F88630011EC8A /* EvolvClient.swift */; };
		8D9C60FF266F88640011EC8A /* EvolvStoreImpl.swift in Sources */ = {isa = PBXBuildFile; fileRef = 8D9C60E6266F88630011EC8A /* EvolvStoreImpl.swift */; };
		8D9C6101266F88640011EC8A /* EvolvStore.swift in Sources */ = {isa = PBXBuildFile; fileRef = 8D9C60E8266F88630011EC8A /* EvolvStore.swift */; };
		8D9C6102266F88640011EC8A /* HttpConfig.swift in Sources */ = {isa = PBXBuildFile; fileRef = 8D9C60EA266F88630011EC8A /* HttpConfig.swift */; };
		8D9C6104266F88640011EC8A /* LogOutput.swift in Sources */ = {isa = PBXBuildFile; fileRef = 8D9C60EE266F88630011EC8A /* LogOutput.swift */; };
		8D9C6105266F88640011EC8A /* EvolvLogger.swift in Sources */ = {isa = PBXBuildFile; fileRef = 8D9C60EF266F88630011EC8A /* EvolvLogger.swift */; };
		8D9C6106266F88640011EC8A /* README.md in Resources */ = {isa = PBXBuildFile; fileRef = 8D9C60F0266F88630011EC8A /* README.md */; };
		8D9C6107266F88640011EC8A /* LogMessage.swift in Sources */ = {isa = PBXBuildFile; fileRef = 8D9C60F1266F88630011EC8A /* LogMessage.swift */; };
		8D9C6108266F88640011EC8A /* Formatter.swift in Sources */ = {isa = PBXBuildFile; fileRef = 8D9C60F2266F88630011EC8A /* Formatter.swift */; };
		8D9C610A266F88640011EC8A /* Allocation.swift in Sources */ = {isa = PBXBuildFile; fileRef = 8D9C60F7266F88630011EC8A /* Allocation.swift */; };
		8D9C610B266F88640011EC8A /* Configuration.swift in Sources */ = {isa = PBXBuildFile; fileRef = 8D9C60F8266F88630011EC8A /* Configuration.swift */; };
		8D9C610C266F88640011EC8A /* EvolvHTTPAPI.swift in Sources */ = {isa = PBXBuildFile; fileRef = 8D9C60F9266F88630011EC8A /* EvolvHTTPAPI.swift */; };
		8D9C610D266F88640011EC8A /* HTTPError.swift in Sources */ = {isa = PBXBuildFile; fileRef = 8D9C60FA266F88630011EC8A /* HTTPError.swift */; };
		8D9C610E266F88640011EC8A /* EvolvHttpClient.swift in Sources */ = {isa = PBXBuildFile; fileRef = 8D9C60FB266F88630011EC8A /* EvolvHttpClient.swift */; };
		8D9C61182670090D0011EC8A /* Data.swift in Sources */ = {isa = PBXBuildFile; fileRef = 8D9C61172670090D0011EC8A /* Data.swift */; };
		8DD4F36626832CAF002134B7 /* EvolvBeacon.swift in Sources */ = {isa = PBXBuildFile; fileRef = 8DD4F36426832A12002134B7 /* EvolvBeacon.swift */; };
		8DE7B37E26710D17003E76A7 /* EvolvPredicateImpl.swift in Sources */ = {isa = PBXBuildFile; fileRef = 8DE7B37D26710D17003E76A7 /* EvolvPredicateImpl.swift */; };
		8DE7B38026710E82003E76A7 /* EvolvClientImpl.swift in Sources */ = {isa = PBXBuildFile; fileRef = 8DE7B37F26710E82003E76A7 /* EvolvClientImpl.swift */; };
		8DE7B38226710EE1003E76A7 /* GetActiveKeysTest.swift in Sources */ = {isa = PBXBuildFile; fileRef = 8DE7B38126710EE1003E76A7 /* GetActiveKeysTest.swift */; };
		8DE7B38D26739282003E76A7 /* JsonUtils.swift in Sources */ = {isa = PBXBuildFile; fileRef = 8DE7B38C26739282003E76A7 /* JsonUtils.swift */; };
		8DE7B38F26739423003E76A7 /* TypeCheckingConversion.swift in Sources */ = {isa = PBXBuildFile; fileRef = 8DE7B38E26739423003E76A7 /* TypeCheckingConversion.swift */; };
		8DE7B39126739589003E76A7 /* EvolvError.swift in Sources */ = {isa = PBXBuildFile; fileRef = 8DE7B39026739589003E76A7 /* EvolvError.swift */; };
/* End PBXBuildFile section */

/* Begin PBXContainerItemProxy section */
		8D9C6087266F7E230011EC8A /* PBXContainerItemProxy */ = {
			isa = PBXContainerItemProxy;
			containerPortal = 8D9C6073266F7E230011EC8A /* Project object */;
			proxyType = 1;
			remoteGlobalIDString = 8D9C607B266F7E230011EC8A;
			remoteInfo = EvolvSwiftSDK;
		};
/* End PBXContainerItemProxy section */

/* Begin PBXFileReference section */
		5924905326CD20060018CFF9 /* Combine+Extensions.swift */ = {isa = PBXFileReference; lastKnownFileType = sourcecode.swift; path = "Combine+Extensions.swift"; sourceTree = "<group>"; };
		595FABF826CE72640023A1D9 /* EvolvStoreNewTests.swift */ = {isa = PBXFileReference; lastKnownFileType = sourcecode.swift; path = EvolvStoreNewTests.swift; sourceTree = "<group>"; };
		595FABFA26CE73910023A1D9 /* EvolvAPI.swift */ = {isa = PBXFileReference; lastKnownFileType = sourcecode.swift; path = EvolvAPI.swift; sourceTree = "<group>"; };
		595FABFD26CE741C0023A1D9 /* EvolvAPIMock.swift */ = {isa = PBXFileReference; lastKnownFileType = sourcecode.swift; path = EvolvAPIMock.swift; sourceTree = "<group>"; };
		8D57998F2678E8A3009CFA98 /* EvolvConfigImpl.swift */ = {isa = PBXFileReference; lastKnownFileType = sourcecode.swift; path = EvolvConfigImpl.swift; sourceTree = "<group>"; };
		8D5799932678F117009CFA98 /* EvolvResult.swift */ = {isa = PBXFileReference; lastKnownFileType = sourcecode.swift; path = EvolvResult.swift; sourceTree = "<group>"; };
		8D5799972678F5DC009CFA98 /* EvolvContextImpl.swift */ = {isa = PBXFileReference; lastKnownFileType = sourcecode.swift; path = EvolvContextImpl.swift; sourceTree = "<group>"; };
		8D5799992679F75F009CFA98 /* EvolvConfig.swift */ = {isa = PBXFileReference; lastKnownFileType = sourcecode.swift; path = EvolvConfig.swift; sourceTree = "<group>"; };
		8D57999B2679FB42009CFA98 /* EvolvJSON.swift */ = {isa = PBXFileReference; lastKnownFileType = sourcecode.swift; path = EvolvJSON.swift; sourceTree = "<group>"; };
		8D57999D267A29C4009CFA98 /* GenomeObject.swift */ = {isa = PBXFileReference; lastKnownFileType = sourcecode.swift; path = GenomeObject.swift; sourceTree = "<group>"; };
		8D57999F267A34D4009CFA98 /* GenomeObjectTest.swift */ = {isa = PBXFileReference; lastKnownFileType = sourcecode.swift; path = GenomeObjectTest.swift; sourceTree = "<group>"; };
		8D5799A3267A46D3009CFA98 /* EvolvExperiment.swift */ = {isa = PBXFileReference; lastKnownFileType = sourcecode.swift; path = EvolvExperiment.swift; sourceTree = "<group>"; };
		8D5799A5267A470F009CFA98 /* EvolvPredicate.swift */ = {isa = PBXFileReference; lastKnownFileType = sourcecode.swift; path = EvolvPredicate.swift; sourceTree = "<group>"; };
		8D6D558C268371C700760BEB /* genome.json */ = {isa = PBXFileReference; lastKnownFileType = text.json; path = genome.json; sourceTree = "<group>"; };
		8D6D558E2683726C00760BEB /* rules.json */ = {isa = PBXFileReference; lastKnownFileType = text.json; path = rules.json; sourceTree = "<group>"; };
		8D6D5592268372D900760BEB /* predicate.json */ = {isa = PBXFileReference; lastKnownFileType = text.json; path = predicate.json; sourceTree = "<group>"; };
		8D9A1BD52685AD6800B302E6 /* AudienceQueryDataTest.swift */ = {isa = PBXFileReference; lastKnownFileType = sourcecode.swift; path = AudienceQueryDataTest.swift; sourceTree = "<group>"; };
		8D9A1BE2268DAC8300B302E6 /* EvolvEmitter.swift */ = {isa = PBXFileReference; lastKnownFileType = sourcecode.swift; path = EvolvEmitter.swift; sourceTree = "<group>"; };
		8D9A1BE4268DD5CD00B302E6 /* Context.swift */ = {isa = PBXFileReference; lastKnownFileType = sourcecode.swift; path = Context.swift; sourceTree = "<group>"; };
		8D9A1BE6268DD6D300B302E6 /* Genome.swift */ = {isa = PBXFileReference; lastKnownFileType = sourcecode.swift; path = Genome.swift; sourceTree = "<group>"; };
		8D9A1BE8268DD6F800B302E6 /* Config.swift */ = {isa = PBXFileReference; lastKnownFileType = sourcecode.swift; path = Config.swift; sourceTree = "<group>"; };
		8D9A1BEA268DD71400B302E6 /* Event.swift */ = {isa = PBXFileReference; lastKnownFileType = sourcecode.swift; path = Event.swift; sourceTree = "<group>"; };
		8D9A1BEC268DD72A00B302E6 /* Store.swift */ = {isa = PBXFileReference; lastKnownFileType = sourcecode.swift; path = Store.swift; sourceTree = "<group>"; };
		8D9A1BEE268DD77100B302E6 /* Request.swift */ = {isa = PBXFileReference; lastKnownFileType = sourcecode.swift; path = Request.swift; sourceTree = "<group>"; };
		8D9A1BF0268E1EBE00B302E6 /* WaitForIt.swift */ = {isa = PBXFileReference; lastKnownFileType = sourcecode.swift; path = WaitForIt.swift; sourceTree = "<group>"; };
		8D9A1BF2268E204C00B302E6 /* OrderedDictionary.swift */ = {isa = PBXFileReference; lastKnownFileType = sourcecode.swift; path = OrderedDictionary.swift; sourceTree = "<group>"; };
		8D9A1BF4268E3BCF00B302E6 /* AtomicProperty.swift */ = {isa = PBXFileReference; lastKnownFileType = sourcecode.swift; path = AtomicProperty.swift; sourceTree = "<group>"; };
		8D9A1BF726926C6A00B302E6 /* EvolvStoreTest.swift */ = {isa = PBXFileReference; lastKnownFileType = sourcecode.swift; path = EvolvStoreTest.swift; sourceTree = "<group>"; };
		8D9C607C266F7E230011EC8A /* EvolvSwiftSDK.framework */ = {isa = PBXFileReference; explicitFileType = wrapper.framework; includeInIndex = 0; path = EvolvSwiftSDK.framework; sourceTree = BUILT_PRODUCTS_DIR; };
		8D9C607F266F7E230011EC8A /* EvolvSwiftSDK.h */ = {isa = PBXFileReference; lastKnownFileType = sourcecode.c.h; path = EvolvSwiftSDK.h; sourceTree = "<group>"; };
		8D9C6080266F7E230011EC8A /* Info.plist */ = {isa = PBXFileReference; lastKnownFileType = text.plist.xml; path = Info.plist; sourceTree = "<group>"; };
		8D9C6085266F7E230011EC8A /* EvolvSwiftSDKTests.xctest */ = {isa = PBXFileReference; explicitFileType = wrapper.cfbundle; includeInIndex = 0; path = EvolvSwiftSDKTests.xctest; sourceTree = BUILT_PRODUCTS_DIR; };
		8D9C608C266F7E230011EC8A /* Info.plist */ = {isa = PBXFileReference; lastKnownFileType = text.plist.xml; path = Info.plist; sourceTree = "<group>"; };
		8D9C60D7266F803D0011EC8A /* AllocationDataTest.swift */ = {isa = PBXFileReference; lastKnownFileType = sourcecode.swift; path = AllocationDataTest.swift; sourceTree = "<group>"; };
		8D9C60DA266F80E50011EC8A /* allocations.json */ = {isa = PBXFileReference; fileEncoding = 4; lastKnownFileType = text.json; path = allocations.json; sourceTree = "<group>"; };
		8D9C60DB266F80E50011EC8A /* configuration.json */ = {isa = PBXFileReference; fileEncoding = 4; lastKnownFileType = text.json; path = configuration.json; sourceTree = "<group>"; };
		8D9C60DC266F80E50011EC8A /* ConfigurationDataTest.swift */ = {isa = PBXFileReference; fileEncoding = 4; lastKnownFileType = sourcecode.swift; path = ConfigurationDataTest.swift; sourceTree = "<group>"; };
		8D9C60E4266F88630011EC8A /* EvolvContext.swift */ = {isa = PBXFileReference; fileEncoding = 4; lastKnownFileType = sourcecode.swift; path = EvolvContext.swift; sourceTree = "<group>"; };
		8D9C60E5266F88630011EC8A /* EvolvClient.swift */ = {isa = PBXFileReference; fileEncoding = 4; lastKnownFileType = sourcecode.swift; path = EvolvClient.swift; sourceTree = "<group>"; };
		8D9C60E6266F88630011EC8A /* EvolvStoreImpl.swift */ = {isa = PBXFileReference; fileEncoding = 4; lastKnownFileType = sourcecode.swift; path = EvolvStoreImpl.swift; sourceTree = "<group>"; };
		8D9C60E8266F88630011EC8A /* EvolvStore.swift */ = {isa = PBXFileReference; fileEncoding = 4; lastKnownFileType = sourcecode.swift; path = EvolvStore.swift; sourceTree = "<group>"; };
		8D9C60EA266F88630011EC8A /* HttpConfig.swift */ = {isa = PBXFileReference; fileEncoding = 4; lastKnownFileType = sourcecode.swift; path = HttpConfig.swift; sourceTree = "<group>"; };
		8D9C60EE266F88630011EC8A /* LogOutput.swift */ = {isa = PBXFileReference; fileEncoding = 4; lastKnownFileType = sourcecode.swift; path = LogOutput.swift; sourceTree = "<group>"; };
		8D9C60EF266F88630011EC8A /* EvolvLogger.swift */ = {isa = PBXFileReference; fileEncoding = 4; lastKnownFileType = sourcecode.swift; path = EvolvLogger.swift; sourceTree = "<group>"; };
		8D9C60F0266F88630011EC8A /* README.md */ = {isa = PBXFileReference; fileEncoding = 4; lastKnownFileType = net.daringfireball.markdown; path = README.md; sourceTree = "<group>"; };
		8D9C60F1266F88630011EC8A /* LogMessage.swift */ = {isa = PBXFileReference; fileEncoding = 4; lastKnownFileType = sourcecode.swift; path = LogMessage.swift; sourceTree = "<group>"; };
		8D9C60F2266F88630011EC8A /* Formatter.swift */ = {isa = PBXFileReference; fileEncoding = 4; lastKnownFileType = sourcecode.swift; path = Formatter.swift; sourceTree = "<group>"; };
		8D9C60F7266F88630011EC8A /* Allocation.swift */ = {isa = PBXFileReference; fileEncoding = 4; lastKnownFileType = sourcecode.swift; path = Allocation.swift; sourceTree = "<group>"; };
		8D9C60F8266F88630011EC8A /* Configuration.swift */ = {isa = PBXFileReference; fileEncoding = 4; lastKnownFileType = sourcecode.swift; path = Configuration.swift; sourceTree = "<group>"; };
		8D9C60F9266F88630011EC8A /* EvolvHTTPAPI.swift */ = {isa = PBXFileReference; fileEncoding = 4; lastKnownFileType = sourcecode.swift; path = EvolvHTTPAPI.swift; sourceTree = "<group>"; };
		8D9C60FA266F88630011EC8A /* HTTPError.swift */ = {isa = PBXFileReference; fileEncoding = 4; lastKnownFileType = sourcecode.swift; path = HTTPError.swift; sourceTree = "<group>"; };
		8D9C60FB266F88630011EC8A /* EvolvHttpClient.swift */ = {isa = PBXFileReference; fileEncoding = 4; lastKnownFileType = sourcecode.swift; path = EvolvHttpClient.swift; sourceTree = "<group>"; };
		8D9C61172670090D0011EC8A /* Data.swift */ = {isa = PBXFileReference; lastKnownFileType = sourcecode.swift; path = Data.swift; sourceTree = "<group>"; };
		8DD4F36426832A12002134B7 /* EvolvBeacon.swift */ = {isa = PBXFileReference; lastKnownFileType = sourcecode.swift; path = EvolvBeacon.swift; sourceTree = "<group>"; };
		8DE7B37D26710D17003E76A7 /* EvolvPredicateImpl.swift */ = {isa = PBXFileReference; lastKnownFileType = sourcecode.swift; path = EvolvPredicateImpl.swift; sourceTree = "<group>"; };
		8DE7B37F26710E82003E76A7 /* EvolvClientImpl.swift */ = {isa = PBXFileReference; lastKnownFileType = sourcecode.swift; path = EvolvClientImpl.swift; sourceTree = "<group>"; };
		8DE7B38126710EE1003E76A7 /* GetActiveKeysTest.swift */ = {isa = PBXFileReference; lastKnownFileType = sourcecode.swift; path = GetActiveKeysTest.swift; sourceTree = "<group>"; };
		8DE7B38C26739282003E76A7 /* JsonUtils.swift */ = {isa = PBXFileReference; lastKnownFileType = sourcecode.swift; path = JsonUtils.swift; sourceTree = "<group>"; };
		8DE7B38E26739423003E76A7 /* TypeCheckingConversion.swift */ = {isa = PBXFileReference; lastKnownFileType = sourcecode.swift; path = TypeCheckingConversion.swift; sourceTree = "<group>"; };
		8DE7B39026739589003E76A7 /* EvolvError.swift */ = {isa = PBXFileReference; lastKnownFileType = sourcecode.swift; path = EvolvError.swift; sourceTree = "<group>"; };
/* End PBXFileReference section */

/* Begin PBXFrameworksBuildPhase section */
		8D9C6079266F7E230011EC8A /* Frameworks */ = {
			isa = PBXFrameworksBuildPhase;
			buildActionMask = 2147483647;
			files = (
			);
			runOnlyForDeploymentPostprocessing = 0;
		};
		8D9C6082266F7E230011EC8A /* Frameworks */ = {
			isa = PBXFrameworksBuildPhase;
			buildActionMask = 2147483647;
			files = (
				8D9C6086266F7E230011EC8A /* EvolvSwiftSDK.framework in Frameworks */,
			);
			runOnlyForDeploymentPostprocessing = 0;
		};
/* End PBXFrameworksBuildPhase section */

/* Begin PBXGroup section */
		5924905226CD1FF60018CFF9 /* Extensions */ = {
			isa = PBXGroup;
			children = (
				5924905326CD20060018CFF9 /* Combine+Extensions.swift */,
			);
			path = Extensions;
			sourceTree = "<group>";
		};
		595FABFC26CE73FD0023A1D9 /* EvolvMocks */ = {
			isa = PBXGroup;
			children = (
				595FABFD26CE741C0023A1D9 /* EvolvAPIMock.swift */,
			);
			path = EvolvMocks;
			sourceTree = "<group>";
		};
		8D9C6072266F7E230011EC8A = {
			isa = PBXGroup;
			children = (
				8D9C60E2266F88630011EC8A /* Sources */,
				8D9C6089266F7E230011EC8A /* EvolvSwiftSDKTests */,
				8D9C607D266F7E230011EC8A /* Products */,
			);
			sourceTree = "<group>";
		};
		8D9C607D266F7E230011EC8A /* Products */ = {
			isa = PBXGroup;
			children = (
				8D9C607C266F7E230011EC8A /* EvolvSwiftSDK.framework */,
				8D9C6085266F7E230011EC8A /* EvolvSwiftSDKTests.xctest */,
			);
			name = Products;
			sourceTree = "<group>";
		};
		8D9C6089266F7E230011EC8A /* EvolvSwiftSDKTests */ = {
			isa = PBXGroup;
			children = (
				8DE7B38726737B98003E76A7 /* Common-Tests */,
				8DE7B38526737B0D003E76A7 /* DataModel-Tests */,
				8DE7B38126710EE1003E76A7 /* GetActiveKeysTest.swift */,
				8D9C608C266F7E230011EC8A /* Info.plist */,
				8DE7B38826737D22003E76A7 /* TestingData */,
				8DE7B38B2673922E003E76A7 /* Utils */,
			);
			path = EvolvSwiftSDKTests;
			sourceTree = "<group>";
		};
		8D9C60E2266F88630011EC8A /* Sources */ = {
			isa = PBXGroup;
			children = (
				8D9C6114266FAB420011EC8A /* Protocols */,
				5924905226CD1FF60018CFF9 /* Extensions */,
				8D9C6110266F8C450011EC8A /* Data Model */,
				8D9C60E3266F88630011EC8A /* Core */,
				8D9C60E9266F88630011EC8A /* Constants */,
				8D9C60EC266F88630011EC8A /* Utils */,
				8D9C60F3266F88630011EC8A /* Service */,
				8D9C610F266F89830011EC8A /* Supporting Files */,
			);
			name = Sources;
			path = EvolvSwiftSDK/Sources;
			sourceTree = "<group>";
		};
		8D9C60E3266F88630011EC8A /* Core */ = {
			isa = PBXGroup;
			children = (
				8D9C60E6266F88630011EC8A /* EvolvStoreImpl.swift */,
				8DE7B37D26710D17003E76A7 /* EvolvPredicateImpl.swift */,
				8DE7B37F26710E82003E76A7 /* EvolvClientImpl.swift */,
				8DE7B39026739589003E76A7 /* EvolvError.swift */,
				8D57998F2678E8A3009CFA98 /* EvolvConfigImpl.swift */,
				8D5799972678F5DC009CFA98 /* EvolvContextImpl.swift */,
				8D57999D267A29C4009CFA98 /* GenomeObject.swift */,
				8D9A1BE2268DAC8300B302E6 /* EvolvEmitter.swift */,
				8D9A1BF0268E1EBE00B302E6 /* WaitForIt.swift */,
			);
			path = Core;
			sourceTree = "<group>";
		};
		8D9C60E9266F88630011EC8A /* Constants */ = {
			isa = PBXGroup;
			children = (
				8D9A1BE4268DD5CD00B302E6 /* Context.swift */,
				8D9A1BE6268DD6D300B302E6 /* Genome.swift */,
				8D9A1BE8268DD6F800B302E6 /* Config.swift */,
				8D9A1BEA268DD71400B302E6 /* Event.swift */,
				8D9A1BEC268DD72A00B302E6 /* Store.swift */,
				8D9A1BEE268DD77100B302E6 /* Request.swift */,
			);
			path = Constants;
			sourceTree = "<group>";
		};
		8D9C60EC266F88630011EC8A /* Utils */ = {
			isa = PBXGroup;
			children = (
				8D5799932678F117009CFA98 /* EvolvResult.swift */,
				8D57999B2679FB42009CFA98 /* EvolvJSON.swift */,
				8D9C60ED266F88630011EC8A /* Logger */,
				8DE7B38E26739423003E76A7 /* TypeCheckingConversion.swift */,
				8D9A1BF2268E204C00B302E6 /* OrderedDictionary.swift */,
				8D9A1BF4268E3BCF00B302E6 /* AtomicProperty.swift */,
			);
			path = Utils;
			sourceTree = "<group>";
		};
		8D9C60ED266F88630011EC8A /* Logger */ = {
			isa = PBXGroup;
			children = (
				8D9C60EE266F88630011EC8A /* LogOutput.swift */,
				8D9C60EF266F88630011EC8A /* EvolvLogger.swift */,
				8D9C60F0266F88630011EC8A /* README.md */,
				8D9C60F1266F88630011EC8A /* LogMessage.swift */,
				8D9C60F2266F88630011EC8A /* Formatter.swift */,
			);
			path = Logger;
			sourceTree = "<group>";
		};
		8D9C60F3266F88630011EC8A /* Service */ = {
			isa = PBXGroup;
			children = (
				8D9C60F4266F88630011EC8A /* HttpClient */,
			);
			path = Service;
			sourceTree = "<group>";
		};
		8D9C60F4266F88630011EC8A /* HttpClient */ = {
			isa = PBXGroup;
			children = (
				8D9C60EA266F88630011EC8A /* HttpConfig.swift */,
				595FABFA26CE73910023A1D9 /* EvolvAPI.swift */,
				8D9C60F9266F88630011EC8A /* EvolvHTTPAPI.swift */,
				8D9C60FA266F88630011EC8A /* HTTPError.swift */,
				8D9C60FB266F88630011EC8A /* EvolvHttpClient.swift */,
			);
			path = HttpClient;
			sourceTree = "<group>";
		};
		8D9C610F266F89830011EC8A /* Supporting Files */ = {
			isa = PBXGroup;
			children = (
				8D9C607F266F7E230011EC8A /* EvolvSwiftSDK.h */,
				8D9C6080266F7E230011EC8A /* Info.plist */,
			);
			path = "Supporting Files";
			sourceTree = "<group>";
		};
		8D9C6110266F8C450011EC8A /* Data Model */ = {
			isa = PBXGroup;
			children = (
				8D9C60F7266F88630011EC8A /* Allocation.swift */,
				8D9C60F8266F88630011EC8A /* Configuration.swift */,
				8D9C61172670090D0011EC8A /* Data.swift */,
			);
			path = "Data Model";
			sourceTree = "<group>";
		};
		8D9C6114266FAB420011EC8A /* Protocols */ = {
			isa = PBXGroup;
			children = (
				8D9C60E4266F88630011EC8A /* EvolvContext.swift */,
				8D9C60E5266F88630011EC8A /* EvolvClient.swift */,
				8D9C60E8266F88630011EC8A /* EvolvStore.swift */,
				8D5799992679F75F009CFA98 /* EvolvConfig.swift */,
				8D5799A3267A46D3009CFA98 /* EvolvExperiment.swift */,
				8DD4F36426832A12002134B7 /* EvolvBeacon.swift */,
				8D5799A5267A470F009CFA98 /* EvolvPredicate.swift */,
			);
			path = Protocols;
			sourceTree = "<group>";
		};
		8DE7B38526737B0D003E76A7 /* DataModel-Tests */ = {
			isa = PBXGroup;
			children = (
				8D9C60DC266F80E50011EC8A /* ConfigurationDataTest.swift */,
				8D9C60D7266F803D0011EC8A /* AllocationDataTest.swift */,
				8D57999F267A34D4009CFA98 /* GenomeObjectTest.swift */,
				8D9A1BD52685AD6800B302E6 /* AudienceQueryDataTest.swift */,
			);
			path = "DataModel-Tests";
			sourceTree = "<group>";
		};
		8DE7B38726737B98003E76A7 /* Common-Tests */ = {
			isa = PBXGroup;
			children = (
				595FABFC26CE73FD0023A1D9 /* EvolvMocks */,
				8D9A1BF726926C6A00B302E6 /* EvolvStoreTest.swift */,
				595FABF826CE72640023A1D9 /* EvolvStoreNewTests.swift */,
			);
			path = "Common-Tests";
			sourceTree = "<group>";
		};
		8DE7B38826737D22003E76A7 /* TestingData */ = {
			isa = PBXGroup;
			children = (
				8D9C60DA266F80E50011EC8A /* allocations.json */,
				8D9C60DB266F80E50011EC8A /* configuration.json */,
				8D6D558C268371C700760BEB /* genome.json */,
				8D6D558E2683726C00760BEB /* rules.json */,
				8D6D5592268372D900760BEB /* predicate.json */,
			);
			path = TestingData;
			sourceTree = "<group>";
		};
		8DE7B38B2673922E003E76A7 /* Utils */ = {
			isa = PBXGroup;
			children = (
				8DE7B38C26739282003E76A7 /* JsonUtils.swift */,
			);
			path = Utils;
			sourceTree = "<group>";
		};
/* End PBXGroup section */

/* Begin PBXHeadersBuildPhase section */
		8D9C6077266F7E230011EC8A /* Headers */ = {
			isa = PBXHeadersBuildPhase;
			buildActionMask = 2147483647;
			files = (
				8D9C608D266F7E230011EC8A /* EvolvSwiftSDK.h in Headers */,
			);
			runOnlyForDeploymentPostprocessing = 0;
		};
/* End PBXHeadersBuildPhase section */

/* Begin PBXNativeTarget section */
		8D9C607B266F7E230011EC8A /* EvolvSwiftSDK */ = {
			isa = PBXNativeTarget;
			buildConfigurationList = 8D9C6090266F7E230011EC8A /* Build configuration list for PBXNativeTarget "EvolvSwiftSDK" */;
			buildPhases = (
				8D9C6077266F7E230011EC8A /* Headers */,
				8D9C6078266F7E230011EC8A /* Sources */,
				8D9C6079266F7E230011EC8A /* Frameworks */,
				8D9C607A266F7E230011EC8A /* Resources */,
			);
			buildRules = (
			);
			dependencies = (
			);
			name = EvolvSwiftSDK;
			productName = EvolvSwiftSDK;
			productReference = 8D9C607C266F7E230011EC8A /* EvolvSwiftSDK.framework */;
			productType = "com.apple.product-type.framework";
		};
		8D9C6084266F7E230011EC8A /* EvolvSwiftSDKTests */ = {
			isa = PBXNativeTarget;
			buildConfigurationList = 8D9C6093266F7E230011EC8A /* Build configuration list for PBXNativeTarget "EvolvSwiftSDKTests" */;
			buildPhases = (
				8D9C6081266F7E230011EC8A /* Sources */,
				8D9C6082266F7E230011EC8A /* Frameworks */,
				8D9C6083266F7E230011EC8A /* Resources */,
			);
			buildRules = (
			);
			dependencies = (
				8D9C6088266F7E230011EC8A /* PBXTargetDependency */,
			);
			name = EvolvSwiftSDKTests;
			productName = EvolvSwiftSDKTests;
			productReference = 8D9C6085266F7E230011EC8A /* EvolvSwiftSDKTests.xctest */;
			productType = "com.apple.product-type.bundle.unit-test";
		};
/* End PBXNativeTarget section */

/* Begin PBXProject section */
		8D9C6073266F7E230011EC8A /* Project object */ = {
			isa = PBXProject;
			attributes = {
				LastSwiftUpdateCheck = 1250;
				LastUpgradeCheck = 1250;
				TargetAttributes = {
					8D9C607B266F7E230011EC8A = {
						CreatedOnToolsVersion = 12.5;
						LastSwiftMigration = 1250;
					};
					8D9C6084266F7E230011EC8A = {
						CreatedOnToolsVersion = 12.5;
					};
				};
			};
			buildConfigurationList = 8D9C6076266F7E230011EC8A /* Build configuration list for PBXProject "EvolvSwiftSDK" */;
			compatibilityVersion = "Xcode 9.3";
			developmentRegion = en;
			hasScannedForEncodings = 0;
			knownRegions = (
				en,
				Base,
			);
			mainGroup = 8D9C6072266F7E230011EC8A;
			productRefGroup = 8D9C607D266F7E230011EC8A /* Products */;
			projectDirPath = "";
			projectRoot = "";
			targets = (
				8D9C607B266F7E230011EC8A /* EvolvSwiftSDK */,
				8D9C6084266F7E230011EC8A /* EvolvSwiftSDKTests */,
			);
		};
/* End PBXProject section */

/* Begin PBXResourcesBuildPhase section */
		8D9C607A266F7E230011EC8A /* Resources */ = {
			isa = PBXResourcesBuildPhase;
			buildActionMask = 2147483647;
			files = (
				8D9C6106266F88640011EC8A /* README.md in Resources */,
			);
			runOnlyForDeploymentPostprocessing = 0;
		};
		8D9C6083266F7E230011EC8A /* Resources */ = {
			isa = PBXResourcesBuildPhase;
			buildActionMask = 2147483647;
			files = (
				8D9C60DE266F80E50011EC8A /* configuration.json in Resources */,
				8D9C60DD266F80E50011EC8A /* allocations.json in Resources */,
				8D6D558F2683726C00760BEB /* rules.json in Resources */,
				8D6D558D268371C700760BEB /* genome.json in Resources */,
				8D6D5593268372D900760BEB /* predicate.json in Resources */,
			);
			runOnlyForDeploymentPostprocessing = 0;
		};
/* End PBXResourcesBuildPhase section */

/* Begin PBXSourcesBuildPhase section */
		8D9C6078266F7E230011EC8A /* Sources */ = {
			isa = PBXSourcesBuildPhase;
			buildActionMask = 2147483647;
			files = (
				8D9C6108266F88640011EC8A /* Formatter.swift in Sources */,
				8D9A1BF5268E3BCF00B302E6 /* AtomicProperty.swift in Sources */,
				8D9A1BEB268DD71400B302E6 /* Event.swift in Sources */,
				8DE7B39126739589003E76A7 /* EvolvError.swift in Sources */,
				8D5799902678E8A3009CFA98 /* EvolvConfigImpl.swift in Sources */,
				8D9A1BE5268DD5CD00B302E6 /* Context.swift in Sources */,
				8D9C60FD266F88630011EC8A /* EvolvContext.swift in Sources */,
				8D9A1BE3268DAC8300B302E6 /* EvolvEmitter.swift in Sources */,
				8D9C610B266F88640011EC8A /* Configuration.swift in Sources */,
				8DE7B38F26739423003E76A7 /* TypeCheckingConversion.swift in Sources */,
				8D9C6102266F88640011EC8A /* HttpConfig.swift in Sources */,
				8D57999E267A29C5009CFA98 /* GenomeObject.swift in Sources */,
				8D9C610D266F88640011EC8A /* HTTPError.swift in Sources */,
				8D9C610E266F88640011EC8A /* EvolvHttpClient.swift in Sources */,
				8D9C6101266F88640011EC8A /* EvolvStore.swift in Sources */,
				8D9C6105266F88640011EC8A /* EvolvLogger.swift in Sources */,
				8D57999C2679FB42009CFA98 /* EvolvJSON.swift in Sources */,
				8DE7B38026710E82003E76A7 /* EvolvClientImpl.swift in Sources */,
				8D57999A2679F75F009CFA98 /* EvolvConfig.swift in Sources */,
				8DE7B37E26710D17003E76A7 /* EvolvPredicateImpl.swift in Sources */,
				8D9C6104266F88640011EC8A /* LogOutput.swift in Sources */,
				8D9C60FF266F88640011EC8A /* EvolvStoreImpl.swift in Sources */,
				5924905426CD20060018CFF9 /* Combine+Extensions.swift in Sources */,
				8DD4F36626832CAF002134B7 /* EvolvBeacon.swift in Sources */,
				8D9C610A266F88640011EC8A /* Allocation.swift in Sources */,
				8D9C610C266F88640011EC8A /* EvolvHTTPAPI.swift in Sources */,
				8D5799982678F5DC009CFA98 /* EvolvContextImpl.swift in Sources */,
				595FABFB26CE73910023A1D9 /* EvolvAPI.swift in Sources */,
				8D9A1BED268DD72A00B302E6 /* Store.swift in Sources */,
				8D9A1BE7268DD6D300B302E6 /* Genome.swift in Sources */,
				8D9A1BF3268E204C00B302E6 /* OrderedDictionary.swift in Sources */,
				8D5799942678F117009CFA98 /* EvolvResult.swift in Sources */,
				8D9C61182670090D0011EC8A /* Data.swift in Sources */,
				8D9A1BE9268DD6F800B302E6 /* Config.swift in Sources */,
				8D9A1BEF268DD77100B302E6 /* Request.swift in Sources */,
				8D9A1BF1268E1EBE00B302E6 /* WaitForIt.swift in Sources */,
				8D9C6107266F88640011EC8A /* LogMessage.swift in Sources */,
				8D9C60FE266F88640011EC8A /* EvolvClient.swift in Sources */,
			);
			runOnlyForDeploymentPostprocessing = 0;
		};
		8D9C6081266F7E230011EC8A /* Sources */ = {
			isa = PBXSourcesBuildPhase;
			buildActionMask = 2147483647;
			files = (
				8D5799A4267A46D3009CFA98 /* EvolvExperiment.swift in Sources */,
				8D9C60D8266F803D0011EC8A /* AllocationDataTest.swift in Sources */,
				595FABFE26CE741C0023A1D9 /* EvolvAPIMock.swift in Sources */,
				8DE7B38226710EE1003E76A7 /* GetActiveKeysTest.swift in Sources */,
				595FABF926CE72640023A1D9 /* EvolvStoreNewTests.swift in Sources */,
				8D5799A6267A470F009CFA98 /* EvolvPredicate.swift in Sources */,
				8D9A1BD62685AD6800B302E6 /* AudienceQueryDataTest.swift in Sources */,
				8D9A1BF826926C6A00B302E6 /* EvolvStoreTest.swift in Sources */,
				8DE7B38D26739282003E76A7 /* JsonUtils.swift in Sources */,
				8D9C60DF266F80E50011EC8A /* ConfigurationDataTest.swift in Sources */,
				8D5799A0267A34D4009CFA98 /* GenomeObjectTest.swift in Sources */,
			);
			runOnlyForDeploymentPostprocessing = 0;
		};
/* End PBXSourcesBuildPhase section */

/* Begin PBXTargetDependency section */
		8D9C6088266F7E230011EC8A /* PBXTargetDependency */ = {
			isa = PBXTargetDependency;
			target = 8D9C607B266F7E230011EC8A /* EvolvSwiftSDK */;
			targetProxy = 8D9C6087266F7E230011EC8A /* PBXContainerItemProxy */;
		};
/* End PBXTargetDependency section */

/* Begin XCBuildConfiguration section */
		8D9C608E266F7E230011EC8A /* Debug */ = {
			isa = XCBuildConfiguration;
			buildSettings = {
				ALWAYS_SEARCH_USER_PATHS = NO;
				CLANG_ANALYZER_NONNULL = YES;
				CLANG_ANALYZER_NUMBER_OBJECT_CONVERSION = YES_AGGRESSIVE;
				CLANG_CXX_LANGUAGE_STANDARD = "gnu++14";
				CLANG_CXX_LIBRARY = "libc++";
				CLANG_ENABLE_MODULES = YES;
				CLANG_ENABLE_OBJC_ARC = YES;
				CLANG_ENABLE_OBJC_WEAK = YES;
				CLANG_WARN_BLOCK_CAPTURE_AUTORELEASING = YES;
				CLANG_WARN_BOOL_CONVERSION = YES;
				CLANG_WARN_COMMA = YES;
				CLANG_WARN_CONSTANT_CONVERSION = YES;
				CLANG_WARN_DEPRECATED_OBJC_IMPLEMENTATIONS = YES;
				CLANG_WARN_DIRECT_OBJC_ISA_USAGE = YES_ERROR;
				CLANG_WARN_DOCUMENTATION_COMMENTS = YES;
				CLANG_WARN_EMPTY_BODY = YES;
				CLANG_WARN_ENUM_CONVERSION = YES;
				CLANG_WARN_INFINITE_RECURSION = YES;
				CLANG_WARN_INT_CONVERSION = YES;
				CLANG_WARN_NON_LITERAL_NULL_CONVERSION = YES;
				CLANG_WARN_OBJC_IMPLICIT_RETAIN_SELF = YES;
				CLANG_WARN_OBJC_LITERAL_CONVERSION = YES;
				CLANG_WARN_OBJC_ROOT_CLASS = YES_ERROR;
				CLANG_WARN_QUOTED_INCLUDE_IN_FRAMEWORK_HEADER = YES;
				CLANG_WARN_RANGE_LOOP_ANALYSIS = YES;
				CLANG_WARN_STRICT_PROTOTYPES = YES;
				CLANG_WARN_SUSPICIOUS_MOVE = YES;
				CLANG_WARN_UNGUARDED_AVAILABILITY = YES_AGGRESSIVE;
				CLANG_WARN_UNREACHABLE_CODE = YES;
				CLANG_WARN__DUPLICATE_METHOD_MATCH = YES;
				COPY_PHASE_STRIP = NO;
				CURRENT_PROJECT_VERSION = 1;
				DEBUG_INFORMATION_FORMAT = dwarf;
				ENABLE_STRICT_OBJC_MSGSEND = YES;
				ENABLE_TESTABILITY = YES;
				GCC_C_LANGUAGE_STANDARD = gnu11;
				GCC_DYNAMIC_NO_PIC = NO;
				GCC_NO_COMMON_BLOCKS = YES;
				GCC_OPTIMIZATION_LEVEL = 0;
				GCC_PREPROCESSOR_DEFINITIONS = (
					"DEBUG=1",
					"$(inherited)",
				);
				GCC_WARN_64_TO_32_BIT_CONVERSION = YES;
				GCC_WARN_ABOUT_RETURN_TYPE = YES_ERROR;
				GCC_WARN_UNDECLARED_SELECTOR = YES;
				GCC_WARN_UNINITIALIZED_AUTOS = YES_AGGRESSIVE;
				GCC_WARN_UNUSED_FUNCTION = YES;
				GCC_WARN_UNUSED_VARIABLE = YES;
				IPHONEOS_DEPLOYMENT_TARGET = 14.5;
				MTL_ENABLE_DEBUG_INFO = INCLUDE_SOURCE;
				MTL_FAST_MATH = YES;
				ONLY_ACTIVE_ARCH = YES;
				SDKROOT = iphoneos;
				SWIFT_ACTIVE_COMPILATION_CONDITIONS = DEBUG;
				SWIFT_OPTIMIZATION_LEVEL = "-Onone";
				VERSIONING_SYSTEM = "apple-generic";
				VERSION_INFO_PREFIX = "";
			};
			name = Debug;
		};
		8D9C608F266F7E230011EC8A /* Release */ = {
			isa = XCBuildConfiguration;
			buildSettings = {
				ALWAYS_SEARCH_USER_PATHS = NO;
				CLANG_ANALYZER_NONNULL = YES;
				CLANG_ANALYZER_NUMBER_OBJECT_CONVERSION = YES_AGGRESSIVE;
				CLANG_CXX_LANGUAGE_STANDARD = "gnu++14";
				CLANG_CXX_LIBRARY = "libc++";
				CLANG_ENABLE_MODULES = YES;
				CLANG_ENABLE_OBJC_ARC = YES;
				CLANG_ENABLE_OBJC_WEAK = YES;
				CLANG_WARN_BLOCK_CAPTURE_AUTORELEASING = YES;
				CLANG_WARN_BOOL_CONVERSION = YES;
				CLANG_WARN_COMMA = YES;
				CLANG_WARN_CONSTANT_CONVERSION = YES;
				CLANG_WARN_DEPRECATED_OBJC_IMPLEMENTATIONS = YES;
				CLANG_WARN_DIRECT_OBJC_ISA_USAGE = YES_ERROR;
				CLANG_WARN_DOCUMENTATION_COMMENTS = YES;
				CLANG_WARN_EMPTY_BODY = YES;
				CLANG_WARN_ENUM_CONVERSION = YES;
				CLANG_WARN_INFINITE_RECURSION = YES;
				CLANG_WARN_INT_CONVERSION = YES;
				CLANG_WARN_NON_LITERAL_NULL_CONVERSION = YES;
				CLANG_WARN_OBJC_IMPLICIT_RETAIN_SELF = YES;
				CLANG_WARN_OBJC_LITERAL_CONVERSION = YES;
				CLANG_WARN_OBJC_ROOT_CLASS = YES_ERROR;
				CLANG_WARN_QUOTED_INCLUDE_IN_FRAMEWORK_HEADER = YES;
				CLANG_WARN_RANGE_LOOP_ANALYSIS = YES;
				CLANG_WARN_STRICT_PROTOTYPES = YES;
				CLANG_WARN_SUSPICIOUS_MOVE = YES;
				CLANG_WARN_UNGUARDED_AVAILABILITY = YES_AGGRESSIVE;
				CLANG_WARN_UNREACHABLE_CODE = YES;
				CLANG_WARN__DUPLICATE_METHOD_MATCH = YES;
				COPY_PHASE_STRIP = NO;
				CURRENT_PROJECT_VERSION = 1;
				DEBUG_INFORMATION_FORMAT = "dwarf-with-dsym";
				ENABLE_NS_ASSERTIONS = NO;
				ENABLE_STRICT_OBJC_MSGSEND = YES;
				GCC_C_LANGUAGE_STANDARD = gnu11;
				GCC_NO_COMMON_BLOCKS = YES;
				GCC_WARN_64_TO_32_BIT_CONVERSION = YES;
				GCC_WARN_ABOUT_RETURN_TYPE = YES_ERROR;
				GCC_WARN_UNDECLARED_SELECTOR = YES;
				GCC_WARN_UNINITIALIZED_AUTOS = YES_AGGRESSIVE;
				GCC_WARN_UNUSED_FUNCTION = YES;
				GCC_WARN_UNUSED_VARIABLE = YES;
				IPHONEOS_DEPLOYMENT_TARGET = 14.5;
				MTL_ENABLE_DEBUG_INFO = NO;
				MTL_FAST_MATH = YES;
				SDKROOT = iphoneos;
				SWIFT_COMPILATION_MODE = wholemodule;
				SWIFT_OPTIMIZATION_LEVEL = "-O";
				VALIDATE_PRODUCT = YES;
				VERSIONING_SYSTEM = "apple-generic";
				VERSION_INFO_PREFIX = "";
			};
			name = Release;
		};
		8D9C6091266F7E230011EC8A /* Debug */ = {
			isa = XCBuildConfiguration;
			buildSettings = {
				CLANG_ENABLE_MODULES = YES;
				CODE_SIGN_STYLE = Automatic;
				DEFINES_MODULE = YES;
				DEVELOPMENT_TEAM = 5W9K96U25G;
				DYLIB_COMPATIBILITY_VERSION = 1;
				DYLIB_CURRENT_VERSION = 1;
				DYLIB_INSTALL_NAME_BASE = "@rpath";
				INFOPLIST_FILE = "EvolvSwiftSDK/Sources/Supporting Files/Info.plist";
				INSTALL_PATH = "$(LOCAL_LIBRARY_DIR)/Frameworks";
				IPHONEOS_DEPLOYMENT_TARGET = 13.0;
				LD_RUNPATH_SEARCH_PATHS = (
					"$(inherited)",
					"@executable_path/Frameworks",
					"@loader_path/Frameworks",
				);
				PRODUCT_BUNDLE_IDENTIFIER = com.dvoineu.EvolvSwiftSDK;
				PRODUCT_NAME = "$(TARGET_NAME:c99extidentifier)";
				SKIP_INSTALL = YES;
				SUPPORTS_MACCATALYST = NO;
				SWIFT_OPTIMIZATION_LEVEL = "-Onone";
				SWIFT_VERSION = 5.0;
				TARGETED_DEVICE_FAMILY = 1;
			};
			name = Debug;
		};
		8D9C6092266F7E230011EC8A /* Release */ = {
			isa = XCBuildConfiguration;
			buildSettings = {
				CLANG_ENABLE_MODULES = YES;
				CODE_SIGN_STYLE = Automatic;
				DEFINES_MODULE = YES;
				DEVELOPMENT_TEAM = 5W9K96U25G;
				DYLIB_COMPATIBILITY_VERSION = 1;
				DYLIB_CURRENT_VERSION = 1;
				DYLIB_INSTALL_NAME_BASE = "@rpath";
				INFOPLIST_FILE = "EvolvSwiftSDK/Sources/Supporting Files/Info.plist";
				INSTALL_PATH = "$(LOCAL_LIBRARY_DIR)/Frameworks";
				IPHONEOS_DEPLOYMENT_TARGET = 13.0;
				LD_RUNPATH_SEARCH_PATHS = (
					"$(inherited)",
					"@executable_path/Frameworks",
					"@loader_path/Frameworks",
				);
				PRODUCT_BUNDLE_IDENTIFIER = com.dvoineu.EvolvSwiftSDK;
				PRODUCT_NAME = "$(TARGET_NAME:c99extidentifier)";
				SKIP_INSTALL = YES;
				SUPPORTS_MACCATALYST = NO;
				SWIFT_VERSION = 5.0;
				TARGETED_DEVICE_FAMILY = 1;
			};
			name = Release;
		};
		8D9C6094266F7E230011EC8A /* Debug */ = {
			isa = XCBuildConfiguration;
			buildSettings = {
				ALWAYS_EMBED_SWIFT_STANDARD_LIBRARIES = YES;
				CODE_SIGN_STYLE = Automatic;
				DEVELOPMENT_TEAM = 5W9K96U25G;
				INFOPLIST_FILE = EvolvSwiftSDKTests/Info.plist;
				LD_RUNPATH_SEARCH_PATHS = (
					"$(inherited)",
					"@executable_path/Frameworks",
					"@loader_path/Frameworks",
				);
				PRODUCT_BUNDLE_IDENTIFIER = com.dvoineu.EvolvSwiftSDKTests;
				PRODUCT_NAME = "$(TARGET_NAME)";
				SWIFT_VERSION = 5.0;
				TARGETED_DEVICE_FAMILY = "1,2";
			};
			name = Debug;
		};
		8D9C6095266F7E230011EC8A /* Release */ = {
			isa = XCBuildConfiguration;
			buildSettings = {
				ALWAYS_EMBED_SWIFT_STANDARD_LIBRARIES = YES;
				CODE_SIGN_STYLE = Automatic;
				DEVELOPMENT_TEAM = 5W9K96U25G;
				INFOPLIST_FILE = EvolvSwiftSDKTests/Info.plist;
				LD_RUNPATH_SEARCH_PATHS = (
					"$(inherited)",
					"@executable_path/Frameworks",
					"@loader_path/Frameworks",
				);
				PRODUCT_BUNDLE_IDENTIFIER = com.dvoineu.EvolvSwiftSDKTests;
				PRODUCT_NAME = "$(TARGET_NAME)";
				SWIFT_VERSION = 5.0;
				TARGETED_DEVICE_FAMILY = "1,2";
			};
			name = Release;
		};
/* End XCBuildConfiguration section */

/* Begin XCConfigurationList section */
		8D9C6076266F7E230011EC8A /* Build configuration list for PBXProject "EvolvSwiftSDK" */ = {
			isa = XCConfigurationList;
			buildConfigurations = (
				8D9C608E266F7E230011EC8A /* Debug */,
				8D9C608F266F7E230011EC8A /* Release */,
			);
			defaultConfigurationIsVisible = 0;
			defaultConfigurationName = Release;
		};
		8D9C6090266F7E230011EC8A /* Build configuration list for PBXNativeTarget "EvolvSwiftSDK" */ = {
			isa = XCConfigurationList;
			buildConfigurations = (
				8D9C6091266F7E230011EC8A /* Debug */,
				8D9C6092266F7E230011EC8A /* Release */,
			);
			defaultConfigurationIsVisible = 0;
			defaultConfigurationName = Release;
		};
		8D9C6093266F7E230011EC8A /* Build configuration list for PBXNativeTarget "EvolvSwiftSDKTests" */ = {
			isa = XCConfigurationList;
			buildConfigurations = (
				8D9C6094266F7E230011EC8A /* Debug */,
				8D9C6095266F7E230011EC8A /* Release */,
			);
			defaultConfigurationIsVisible = 0;
			defaultConfigurationName = Release;
		};
/* End XCConfigurationList section */
	};
	rootObject = 8D9C6073266F7E230011EC8A /* Project object */;
}
